
Microsoft Visual Studio Solution File, Format Version 12.00
# Visual Studio Version 17
VisualStudioVersion = 17.3.32922.545
MinimumVisualStudioVersion = 10.0.40219.1
Project("{2150E333-8FDC-42A3-9474-1A3956D46DE8}") = "apps", "apps", "{A4F860A9-B08B-44D1-9EB7-B2082B145D14}"
EndProject
Project("{FAE04EC0-301F-11D3-BF4B-00C04F79EFBC}") = "web-app", "web-app\web-app.csproj", "{D6B5126B-2C18-4DE2-B1B3-CA0CBAD5F96B}"
EndProject
Project("{2150E333-8FDC-42A3-9474-1A3956D46DE8}") = "tests", "tests", "{ED1FD10C-543C-41F6-80DE-0E3A80846D32}"
EndProject
Project("{FAE04EC0-301F-11D3-BF4B-00C04F79EFBC}") = "web-app-test", "web-app-test\web-app-test.csproj", "{491DDC73-CD34-4A52-9D62-C8409A5E0005}"
EndProject
Global
	GlobalSection(SolutionConfigurationPlatforms) = preSolution
		Debug|Any CPU = Debug|Any CPU
		Release|Any CPU = Release|Any CPU
	EndGlobalSection
	GlobalSection(ProjectConfigurationPlatforms) = postSolution
		{D6B5126B-2C18-4DE2-B1B3-CA0CBAD5F96B}.Debug|Any CPU.ActiveCfg = Debug|Any CPU
		{D6B5126B-2C18-4DE2-B1B3-CA0CBAD5F96B}.Debug|Any CPU.Build.0 = Debug|Any CPU
		{D6B5126B-2C18-4DE2-B1B3-CA0CBAD5F96B}.Release|Any CPU.ActiveCfg = Release|Any CPU
		{D6B5126B-2C18-4DE2-B1B3-CA0CBAD5F96B}.Release|Any CPU.Build.0 = Release|Any CPU
		{491DDC73-CD34-4A52-9D62-C8409A5E0005}.Debug|Any CPU.ActiveCfg = Debug|Any CPU
		{491DDC73-CD34-4A52-9D62-C8409A5E0005}.Debug|Any CPU.Build.0 = Debug|Any CPU
		{491DDC73-CD34-4A52-9D62-C8409A5E0005}.Release|Any CPU.ActiveCfg = Release|Any CPU
		{491DDC73-CD34-4A52-9D62-C8409A5E0005}.Release|Any CPU.Build.0 = Release|Any CPU
	EndGlobalSection
	GlobalSection(SolutionProperties) = preSolution
		HideSolutionNode = FALSE
	EndGlobalSection
	GlobalSection(NestedProjects) = preSolution
		{D6B5126B-2C18-4DE2-B1B3-CA0CBAD5F96B} = {A4F860A9-B08B-44D1-9EB7-B2082B145D14}
		{491DDC73-CD34-4A52-9D62-C8409A5E0005} = {ED1FD10C-543C-41F6-80DE-0E3A80846D32}
	EndGlobalSection
	GlobalSection(ExtensibilityGlobals) = postSolution
		SolutionGuid = {858BD168-59D9-4D8E-B3D0-0569D93D694E}
	EndGlobalSection
EndGlobal
